
Microsoft Visual Studio Solution File, Format Version 12.00
# Visual Studio Version 16
VisualStudioVersion = 16.0.28516.95
MinimumVisualStudioVersion = 10.0.40219.1
Project("{9A19103F-16F7-4668-BE54-9A1E7A4F7556}") = "ShopPrep.Common", "ShopPrep.Common\ShopPrep.Common.csproj", "{CE90C8A0-CF82-4D55-8590-B388CACB7F35}"
EndProject
Project("{2150E333-8FDC-42A3-9474-1A3956D46DE8}") = "Backend", "Backend", "{94BEE167-5AD7-477C-BC39-BFDFDE9256C8}"
EndProject
Project("{2150E333-8FDC-42A3-9474-1A3956D46DE8}") = "Frontend", "Frontend", "{F9352B24-73C4-47EF-BAE9-40833D64359D}"
EndProject
Project("{9A19103F-16F7-4668-BE54-9A1E7A4F7556}") = "ShopPrep.Web", "ShopPrep.Web\ShopPrep.Web.csproj", "{BA78D8CE-D153-42BE-BB68-1F7E95B3958F}"
EndProject
Project("{2150E333-8FDC-42A3-9474-1A3956D46DE8}") = "Forms", "Forms", "{3D9117CC-FA6D-41F7-A183-0B7C3DC9DECE}"
EndProject
Project("{2150E333-8FDC-42A3-9474-1A3956D46DE8}") = "Classic", "Classic", "{A52C2605-B5B7-48CB-BDCF-2A488D05A0A3}"
EndProject
Project("{FAE04EC0-301F-11D3-BF4B-00C04F79EFBC}") = "ShopPrep.UIForms.Android", "ShopPrep.UIForms\ShopPrep.UIForms.Android\ShopPrep.UIForms.Android.csproj", "{1AD61556-6B4B-4FF0-8520-333B83588CCB}"
EndProject
Project("{FAE04EC0-301F-11D3-BF4B-00C04F79EFBC}") = "ShopPrep.UIForms.iOS", "ShopPrep.UIForms\ShopPrep.UIForms.iOS\ShopPrep.UIForms.iOS.csproj", "{C7660538-6F24-4046-901D-A581181C1B34}"
EndProject
Project("{9A19103F-16F7-4668-BE54-9A1E7A4F7556}") = "ShopPrep.UIForms", "ShopPrep.UIForms\ShopPrep.UIForms\ShopPrep.UIForms.csproj", "{4981FEDB-AB22-49E6-8D22-019E279A6E4A}"
EndProject
Project("{FAE04EC0-301F-11D3-BF4B-00C04F79EFBC}") = "ShopPrep.UIClassic.Android", "ShopPrep.UIClassic.Android\ShopPrep.UIClassic.Android.csproj", "{032603C3-70C9-4739-B2D3-C9C0ABAE0DDC}"
EndProject
Project("{2150E333-8FDC-42A3-9474-1A3956D46DE8}") = "MVVMCrossTestConcept", "MVVMCrossTestConcept", "{3BC806F4-F2BA-40F5-8010-FA26DB6FC255}"
EndProject
Project("{2150E333-8FDC-42A3-9474-1A3956D46DE8}") = "Classic", "Classic", "{008AD78A-C589-4F45-965C-2FDE1FB77AD5}"
EndProject
Project("{2150E333-8FDC-42A3-9474-1A3956D46DE8}") = "Core", "Core", "{2DF985B7-E2BE-4305-8D11-C0C18D05264B}"
EndProject
Project("{2150E333-8FDC-42A3-9474-1A3956D46DE8}") = "Cross", "Cross", "{ACB1F416-094C-44B7-9922-1488505A96C6}"
EndProject
Project("{2150E333-8FDC-42A3-9474-1A3956D46DE8}") = "Forms", "Forms", "{20A00977-EDB3-452D-A8BA-2CC7A6BA6152}"
EndProject
Project("{9A19103F-16F7-4668-BE54-9A1E7A4F7556}") = "ThreeWays.Core", "ThreeWays.Core\ThreeWays.Core.csproj", "{FD22F466-A5FD-40CF-9868-E500D0A8C258}"
EndProject
Project("{FAE04EC0-301F-11D3-BF4B-00C04F79EFBC}") = "ThreeWays.Forms.Android", "ThreeWays.Forms\ThreeWays.Forms.Android\ThreeWays.Forms.Android.csproj", "{D737A95C-E2FC-4D5B-8D8F-37AF7597A06C}"
EndProject
Project("{FAE04EC0-301F-11D3-BF4B-00C04F79EFBC}") = "ThreeWays.Forms.iOS", "ThreeWays.Forms\ThreeWays.Forms.iOS\ThreeWays.Forms.iOS.csproj", "{E1C572C4-33F2-4170-8B5C-8C48E691D04C}"
EndProject
Project("{9A19103F-16F7-4668-BE54-9A1E7A4F7556}") = "ThreeWays.Forms", "ThreeWays.Forms\ThreeWays.Forms\ThreeWays.Forms.csproj", "{34032EAB-C9CD-4224-BCCF-0E21A3CC8E95}"
EndProject
Project("{FAE04EC0-301F-11D3-BF4B-00C04F79EFBC}") = "ThreeWays.Classic.Droid", "ThreeWays.Classic.Droid\ThreeWays.Classic.Droid.csproj", "{770B6FCB-B313-41BC-9CC2-426AC036F9C3}"
EndProject
Project("{FAE04EC0-301F-11D3-BF4B-00C04F79EFBC}") = "ThreeWays.Cross.Droid", "ThreeWays.Cross.Droid\ThreeWays.Cross.Droid.csproj", "{BCE117DC-7F9B-4085-AE43-19B3385CB2AA}"
EndProject
Project("{2150E333-8FDC-42A3-9474-1A3956D46DE8}") = "MVVMCross", "MVVMCross", "{A5F486A5-C022-46D9-855C-A9DB7E376695}"
EndProject
Project("{FAE04EC0-301F-11D3-BF4B-00C04F79EFBC}") = "ShopPrep.UICross.Android", "ShopPrep.UICross.Android\ShopPrep.UICross.Android.csproj", "{C1103E36-8177-4F58-87AD-CD852E1D1C0B}"
EndProject
Project("{FAE04EC0-301F-11D3-BF4B-00C04F79EFBC}") = "ThreeWays.Classic.iOS", "ThreeWays.Classic.iOS\ThreeWays.Classic.iOS.csproj", "{82C14734-326A-4B33-B2D2-213CE74B80A1}"
EndProject
Project("{FAE04EC0-301F-11D3-BF4B-00C04F79EFBC}") = "ShopPrep.UIClassic.iOS", "ShopPrep.UIClassic.Android\ShopPrep.UIClassic.iOS\ShopPrep.UIClassic.iOS.csproj", "{BA33545C-E06F-4B7C-9A67-1CEBC3B4C7F9}"
EndProject
Project("{FAE04EC0-301F-11D3-BF4B-00C04F79EFBC}") = "ShopPrep.UICross.iOS", "ShopPrep.UICross.iOS\ShopPrep.UICross.iOS.csproj", "{9D3ACC75-7FEA-461D-91C2-537122616018}"
EndProject
Global
	GlobalSection(SolutionConfigurationPlatforms) = preSolution
		Debug|Any CPU = Debug|Any CPU
		Debug|iPhone = Debug|iPhone
		Debug|iPhoneSimulator = Debug|iPhoneSimulator
		Release|Any CPU = Release|Any CPU
		Release|iPhone = Release|iPhone
		Release|iPhoneSimulator = Release|iPhoneSimulator
	EndGlobalSection
	GlobalSection(ProjectConfigurationPlatforms) = postSolution
		{CE90C8A0-CF82-4D55-8590-B388CACB7F35}.Debug|Any CPU.ActiveCfg = Debug|Any CPU
		{CE90C8A0-CF82-4D55-8590-B388CACB7F35}.Debug|Any CPU.Build.0 = Debug|Any CPU
		{CE90C8A0-CF82-4D55-8590-B388CACB7F35}.Debug|iPhone.ActiveCfg = Debug|Any CPU
		{CE90C8A0-CF82-4D55-8590-B388CACB7F35}.Debug|iPhone.Build.0 = Debug|Any CPU
		{CE90C8A0-CF82-4D55-8590-B388CACB7F35}.Debug|iPhoneSimulator.ActiveCfg = Debug|Any CPU
		{CE90C8A0-CF82-4D55-8590-B388CACB7F35}.Debug|iPhoneSimulator.Build.0 = Debug|Any CPU
		{CE90C8A0-CF82-4D55-8590-B388CACB7F35}.Release|Any CPU.ActiveCfg = Release|Any CPU
		{CE90C8A0-CF82-4D55-8590-B388CACB7F35}.Release|Any CPU.Build.0 = Release|Any CPU
		{CE90C8A0-CF82-4D55-8590-B388CACB7F35}.Release|iPhone.ActiveCfg = Release|Any CPU
		{CE90C8A0-CF82-4D55-8590-B388CACB7F35}.Release|iPhone.Build.0 = Release|Any CPU
		{CE90C8A0-CF82-4D55-8590-B388CACB7F35}.Release|iPhoneSimulator.ActiveCfg = Release|Any CPU
		{CE90C8A0-CF82-4D55-8590-B388CACB7F35}.Release|iPhoneSimulator.Build.0 = Release|Any CPU
		{BA78D8CE-D153-42BE-BB68-1F7E95B3958F}.Debug|Any CPU.ActiveCfg = Debug|Any CPU
		{BA78D8CE-D153-42BE-BB68-1F7E95B3958F}.Debug|Any CPU.Build.0 = Debug|Any CPU
		{BA78D8CE-D153-42BE-BB68-1F7E95B3958F}.Debug|iPhone.ActiveCfg = Debug|Any CPU
		{BA78D8CE-D153-42BE-BB68-1F7E95B3958F}.Debug|iPhone.Build.0 = Debug|Any CPU
		{BA78D8CE-D153-42BE-BB68-1F7E95B3958F}.Debug|iPhoneSimulator.ActiveCfg = Debug|Any CPU
		{BA78D8CE-D153-42BE-BB68-1F7E95B3958F}.Debug|iPhoneSimulator.Build.0 = Debug|Any CPU
		{BA78D8CE-D153-42BE-BB68-1F7E95B3958F}.Release|Any CPU.ActiveCfg = Release|Any CPU
		{BA78D8CE-D153-42BE-BB68-1F7E95B3958F}.Release|Any CPU.Build.0 = Release|Any CPU
		{BA78D8CE-D153-42BE-BB68-1F7E95B3958F}.Release|iPhone.ActiveCfg = Release|Any CPU
		{BA78D8CE-D153-42BE-BB68-1F7E95B3958F}.Release|iPhone.Build.0 = Release|Any CPU
		{BA78D8CE-D153-42BE-BB68-1F7E95B3958F}.Release|iPhoneSimulator.ActiveCfg = Release|Any CPU
		{BA78D8CE-D153-42BE-BB68-1F7E95B3958F}.Release|iPhoneSimulator.Build.0 = Release|Any CPU
		{1AD61556-6B4B-4FF0-8520-333B83588CCB}.Debug|Any CPU.ActiveCfg = Debug|Any CPU
		{1AD61556-6B4B-4FF0-8520-333B83588CCB}.Debug|Any CPU.Build.0 = Debug|Any CPU
		{1AD61556-6B4B-4FF0-8520-333B83588CCB}.Debug|Any CPU.Deploy.0 = Debug|Any CPU
		{1AD61556-6B4B-4FF0-8520-333B83588CCB}.Debug|iPhone.ActiveCfg = Debug|Any CPU
		{1AD61556-6B4B-4FF0-8520-333B83588CCB}.Debug|iPhone.Build.0 = Debug|Any CPU
		{1AD61556-6B4B-4FF0-8520-333B83588CCB}.Debug|iPhone.Deploy.0 = Debug|Any CPU
		{1AD61556-6B4B-4FF0-8520-333B83588CCB}.Debug|iPhoneSimulator.ActiveCfg = Debug|Any CPU
		{1AD61556-6B4B-4FF0-8520-333B83588CCB}.Debug|iPhoneSimulator.Build.0 = Debug|Any CPU
		{1AD61556-6B4B-4FF0-8520-333B83588CCB}.Debug|iPhoneSimulator.Deploy.0 = Debug|Any CPU
		{1AD61556-6B4B-4FF0-8520-333B83588CCB}.Release|Any CPU.ActiveCfg = Release|Any CPU
		{1AD61556-6B4B-4FF0-8520-333B83588CCB}.Release|Any CPU.Build.0 = Release|Any CPU
		{1AD61556-6B4B-4FF0-8520-333B83588CCB}.Release|Any CPU.Deploy.0 = Release|Any CPU
		{1AD61556-6B4B-4FF0-8520-333B83588CCB}.Release|iPhone.ActiveCfg = Release|Any CPU
		{1AD61556-6B4B-4FF0-8520-333B83588CCB}.Release|iPhone.Build.0 = Release|Any CPU
		{1AD61556-6B4B-4FF0-8520-333B83588CCB}.Release|iPhone.Deploy.0 = Release|Any CPU
		{1AD61556-6B4B-4FF0-8520-333B83588CCB}.Release|iPhoneSimulator.ActiveCfg = Release|Any CPU
		{1AD61556-6B4B-4FF0-8520-333B83588CCB}.Release|iPhoneSimulator.Build.0 = Release|Any CPU
		{1AD61556-6B4B-4FF0-8520-333B83588CCB}.Release|iPhoneSimulator.Deploy.0 = Release|Any CPU
		{C7660538-6F24-4046-901D-A581181C1B34}.Debug|Any CPU.ActiveCfg = Debug|iPhone
		{C7660538-6F24-4046-901D-A581181C1B34}.Debug|iPhone.ActiveCfg = Debug|iPhone
		{C7660538-6F24-4046-901D-A581181C1B34}.Debug|iPhone.Build.0 = Debug|iPhone
		{C7660538-6F24-4046-901D-A581181C1B34}.Debug|iPhoneSimulator.ActiveCfg = Debug|iPhoneSimulator
		{C7660538-6F24-4046-901D-A581181C1B34}.Debug|iPhoneSimulator.Build.0 = Debug|iPhoneSimulator
		{C7660538-6F24-4046-901D-A581181C1B34}.Release|Any CPU.ActiveCfg = Release|iPhone
		{C7660538-6F24-4046-901D-A581181C1B34}.Release|iPhone.ActiveCfg = Release|iPhone
		{C7660538-6F24-4046-901D-A581181C1B34}.Release|iPhone.Build.0 = Release|iPhone
		{C7660538-6F24-4046-901D-A581181C1B34}.Release|iPhoneSimulator.ActiveCfg = Release|iPhoneSimulator
		{C7660538-6F24-4046-901D-A581181C1B34}.Release|iPhoneSimulator.Build.0 = Release|iPhoneSimulator
		{4981FEDB-AB22-49E6-8D22-019E279A6E4A}.Debug|Any CPU.ActiveCfg = Debug|Any CPU
		{4981FEDB-AB22-49E6-8D22-019E279A6E4A}.Debug|Any CPU.Build.0 = Debug|Any CPU
		{4981FEDB-AB22-49E6-8D22-019E279A6E4A}.Debug|iPhone.ActiveCfg = Debug|Any CPU
		{4981FEDB-AB22-49E6-8D22-019E279A6E4A}.Debug|iPhone.Build.0 = Debug|Any CPU
		{4981FEDB-AB22-49E6-8D22-019E279A6E4A}.Debug|iPhoneSimulator.ActiveCfg = Debug|Any CPU
		{4981FEDB-AB22-49E6-8D22-019E279A6E4A}.Debug|iPhoneSimulator.Build.0 = Debug|Any CPU
		{4981FEDB-AB22-49E6-8D22-019E279A6E4A}.Release|Any CPU.ActiveCfg = Release|Any CPU
		{4981FEDB-AB22-49E6-8D22-019E279A6E4A}.Release|Any CPU.Build.0 = Release|Any CPU
		{4981FEDB-AB22-49E6-8D22-019E279A6E4A}.Release|iPhone.ActiveCfg = Release|Any CPU
		{4981FEDB-AB22-49E6-8D22-019E279A6E4A}.Release|iPhone.Build.0 = Release|Any CPU
		{4981FEDB-AB22-49E6-8D22-019E279A6E4A}.Release|iPhoneSimulator.ActiveCfg = Release|Any CPU
		{4981FEDB-AB22-49E6-8D22-019E279A6E4A}.Release|iPhoneSimulator.Build.0 = Release|Any CPU
		{032603C3-70C9-4739-B2D3-C9C0ABAE0DDC}.Debug|Any CPU.ActiveCfg = Debug|Any CPU
		{032603C3-70C9-4739-B2D3-C9C0ABAE0DDC}.Debug|Any CPU.Build.0 = Debug|Any CPU
		{032603C3-70C9-4739-B2D3-C9C0ABAE0DDC}.Debug|Any CPU.Deploy.0 = Debug|Any CPU
		{032603C3-70C9-4739-B2D3-C9C0ABAE0DDC}.Debug|iPhone.ActiveCfg = Debug|Any CPU
		{032603C3-70C9-4739-B2D3-C9C0ABAE0DDC}.Debug|iPhone.Build.0 = Debug|Any CPU
		{032603C3-70C9-4739-B2D3-C9C0ABAE0DDC}.Debug|iPhone.Deploy.0 = Debug|Any CPU
		{032603C3-70C9-4739-B2D3-C9C0ABAE0DDC}.Debug|iPhoneSimulator.ActiveCfg = Debug|Any CPU
		{032603C3-70C9-4739-B2D3-C9C0ABAE0DDC}.Debug|iPhoneSimulator.Build.0 = Debug|Any CPU
		{032603C3-70C9-4739-B2D3-C9C0ABAE0DDC}.Debug|iPhoneSimulator.Deploy.0 = Debug|Any CPU
		{032603C3-70C9-4739-B2D3-C9C0ABAE0DDC}.Release|Any CPU.ActiveCfg = Release|Any CPU
		{032603C3-70C9-4739-B2D3-C9C0ABAE0DDC}.Release|Any CPU.Build.0 = Release|Any CPU
		{032603C3-70C9-4739-B2D3-C9C0ABAE0DDC}.Release|Any CPU.Deploy.0 = Release|Any CPU
		{032603C3-70C9-4739-B2D3-C9C0ABAE0DDC}.Release|iPhone.ActiveCfg = Release|Any CPU
		{032603C3-70C9-4739-B2D3-C9C0ABAE0DDC}.Release|iPhone.Build.0 = Release|Any CPU
		{032603C3-70C9-4739-B2D3-C9C0ABAE0DDC}.Release|iPhone.Deploy.0 = Release|Any CPU
		{032603C3-70C9-4739-B2D3-C9C0ABAE0DDC}.Release|iPhoneSimulator.ActiveCfg = Release|Any CPU
		{032603C3-70C9-4739-B2D3-C9C0ABAE0DDC}.Release|iPhoneSimulator.Build.0 = Release|Any CPU
		{032603C3-70C9-4739-B2D3-C9C0ABAE0DDC}.Release|iPhoneSimulator.Deploy.0 = Release|Any CPU
		{FD22F466-A5FD-40CF-9868-E500D0A8C258}.Debug|Any CPU.ActiveCfg = Debug|Any CPU
		{FD22F466-A5FD-40CF-9868-E500D0A8C258}.Debug|Any CPU.Build.0 = Debug|Any CPU
		{FD22F466-A5FD-40CF-9868-E500D0A8C258}.Debug|iPhone.ActiveCfg = Debug|Any CPU
		{FD22F466-A5FD-40CF-9868-E500D0A8C258}.Debug|iPhone.Build.0 = Debug|Any CPU
		{FD22F466-A5FD-40CF-9868-E500D0A8C258}.Debug|iPhoneSimulator.ActiveCfg = Debug|Any CPU
		{FD22F466-A5FD-40CF-9868-E500D0A8C258}.Debug|iPhoneSimulator.Build.0 = Debug|Any CPU
		{FD22F466-A5FD-40CF-9868-E500D0A8C258}.Release|Any CPU.ActiveCfg = Release|Any CPU
		{FD22F466-A5FD-40CF-9868-E500D0A8C258}.Release|Any CPU.Build.0 = Release|Any CPU
		{FD22F466-A5FD-40CF-9868-E500D0A8C258}.Release|iPhone.ActiveCfg = Release|Any CPU
		{FD22F466-A5FD-40CF-9868-E500D0A8C258}.Release|iPhone.Build.0 = Release|Any CPU
		{FD22F466-A5FD-40CF-9868-E500D0A8C258}.Release|iPhoneSimulator.ActiveCfg = Release|Any CPU
		{FD22F466-A5FD-40CF-9868-E500D0A8C258}.Release|iPhoneSimulator.Build.0 = Release|Any CPU
		{D737A95C-E2FC-4D5B-8D8F-37AF7597A06C}.Debug|Any CPU.ActiveCfg = Debug|Any CPU
		{D737A95C-E2FC-4D5B-8D8F-37AF7597A06C}.Debug|Any CPU.Build.0 = Debug|Any CPU
		{D737A95C-E2FC-4D5B-8D8F-37AF7597A06C}.Debug|Any CPU.Deploy.0 = Debug|Any CPU
		{D737A95C-E2FC-4D5B-8D8F-37AF7597A06C}.Debug|iPhone.ActiveCfg = Debug|Any CPU
		{D737A95C-E2FC-4D5B-8D8F-37AF7597A06C}.Debug|iPhone.Build.0 = Debug|Any CPU
		{D737A95C-E2FC-4D5B-8D8F-37AF7597A06C}.Debug|iPhone.Deploy.0 = Debug|Any CPU
		{D737A95C-E2FC-4D5B-8D8F-37AF7597A06C}.Debug|iPhoneSimulator.ActiveCfg = Debug|Any CPU
		{D737A95C-E2FC-4D5B-8D8F-37AF7597A06C}.Debug|iPhoneSimulator.Build.0 = Debug|Any CPU
		{D737A95C-E2FC-4D5B-8D8F-37AF7597A06C}.Debug|iPhoneSimulator.Deploy.0 = Debug|Any CPU
		{D737A95C-E2FC-4D5B-8D8F-37AF7597A06C}.Release|Any CPU.ActiveCfg = Release|Any CPU
		{D737A95C-E2FC-4D5B-8D8F-37AF7597A06C}.Release|Any CPU.Build.0 = Release|Any CPU
		{D737A95C-E2FC-4D5B-8D8F-37AF7597A06C}.Release|Any CPU.Deploy.0 = Release|Any CPU
		{D737A95C-E2FC-4D5B-8D8F-37AF7597A06C}.Release|iPhone.ActiveCfg = Release|Any CPU
		{D737A95C-E2FC-4D5B-8D8F-37AF7597A06C}.Release|iPhone.Build.0 = Release|Any CPU
		{D737A95C-E2FC-4D5B-8D8F-37AF7597A06C}.Release|iPhone.Deploy.0 = Release|Any CPU
		{D737A95C-E2FC-4D5B-8D8F-37AF7597A06C}.Release|iPhoneSimulator.ActiveCfg = Release|Any CPU
		{D737A95C-E2FC-4D5B-8D8F-37AF7597A06C}.Release|iPhoneSimulator.Build.0 = Release|Any CPU
		{D737A95C-E2FC-4D5B-8D8F-37AF7597A06C}.Release|iPhoneSimulator.Deploy.0 = Release|Any CPU
		{E1C572C4-33F2-4170-8B5C-8C48E691D04C}.Debug|Any CPU.ActiveCfg = Debug|iPhone
		{E1C572C4-33F2-4170-8B5C-8C48E691D04C}.Debug|iPhone.ActiveCfg = Debug|iPhone
		{E1C572C4-33F2-4170-8B5C-8C48E691D04C}.Debug|iPhone.Build.0 = Debug|iPhone
		{E1C572C4-33F2-4170-8B5C-8C48E691D04C}.Debug|iPhoneSimulator.ActiveCfg = Debug|iPhoneSimulator
		{E1C572C4-33F2-4170-8B5C-8C48E691D04C}.Debug|iPhoneSimulator.Build.0 = Debug|iPhoneSimulator
		{E1C572C4-33F2-4170-8B5C-8C48E691D04C}.Release|Any CPU.ActiveCfg = Release|iPhone
		{E1C572C4-33F2-4170-8B5C-8C48E691D04C}.Release|iPhone.ActiveCfg = Release|iPhone
		{E1C572C4-33F2-4170-8B5C-8C48E691D04C}.Release|iPhone.Build.0 = Release|iPhone
		{E1C572C4-33F2-4170-8B5C-8C48E691D04C}.Release|iPhoneSimulator.ActiveCfg = Release|iPhoneSimulator
		{E1C572C4-33F2-4170-8B5C-8C48E691D04C}.Release|iPhoneSimulator.Build.0 = Release|iPhoneSimulator
		{34032EAB-C9CD-4224-BCCF-0E21A3CC8E95}.Debug|Any CPU.ActiveCfg = Debug|Any CPU
		{34032EAB-C9CD-4224-BCCF-0E21A3CC8E95}.Debug|Any CPU.Build.0 = Debug|Any CPU
		{34032EAB-C9CD-4224-BCCF-0E21A3CC8E95}.Debug|iPhone.ActiveCfg = Debug|Any CPU
		{34032EAB-C9CD-4224-BCCF-0E21A3CC8E95}.Debug|iPhone.Build.0 = Debug|Any CPU
		{34032EAB-C9CD-4224-BCCF-0E21A3CC8E95}.Debug|iPhoneSimulator.ActiveCfg = Debug|Any CPU
		{34032EAB-C9CD-4224-BCCF-0E21A3CC8E95}.Debug|iPhoneSimulator.Build.0 = Debug|Any CPU
		{34032EAB-C9CD-4224-BCCF-0E21A3CC8E95}.Release|Any CPU.ActiveCfg = Release|Any CPU
		{34032EAB-C9CD-4224-BCCF-0E21A3CC8E95}.Release|Any CPU.Build.0 = Release|Any CPU
		{34032EAB-C9CD-4224-BCCF-0E21A3CC8E95}.Release|iPhone.ActiveCfg = Release|Any CPU
		{34032EAB-C9CD-4224-BCCF-0E21A3CC8E95}.Release|iPhone.Build.0 = Release|Any CPU
		{34032EAB-C9CD-4224-BCCF-0E21A3CC8E95}.Release|iPhoneSimulator.ActiveCfg = Release|Any CPU
		{34032EAB-C9CD-4224-BCCF-0E21A3CC8E95}.Release|iPhoneSimulator.Build.0 = Release|Any CPU
		{770B6FCB-B313-41BC-9CC2-426AC036F9C3}.Debug|Any CPU.ActiveCfg = Debug|Any CPU
		{770B6FCB-B313-41BC-9CC2-426AC036F9C3}.Debug|Any CPU.Build.0 = Debug|Any CPU
		{770B6FCB-B313-41BC-9CC2-426AC036F9C3}.Debug|Any CPU.Deploy.0 = Debug|Any CPU
		{770B6FCB-B313-41BC-9CC2-426AC036F9C3}.Debug|iPhone.ActiveCfg = Debug|Any CPU
		{770B6FCB-B313-41BC-9CC2-426AC036F9C3}.Debug|iPhone.Build.0 = Debug|Any CPU
		{770B6FCB-B313-41BC-9CC2-426AC036F9C3}.Debug|iPhone.Deploy.0 = Debug|Any CPU
		{770B6FCB-B313-41BC-9CC2-426AC036F9C3}.Debug|iPhoneSimulator.ActiveCfg = Debug|Any CPU
		{770B6FCB-B313-41BC-9CC2-426AC036F9C3}.Debug|iPhoneSimulator.Build.0 = Debug|Any CPU
		{770B6FCB-B313-41BC-9CC2-426AC036F9C3}.Debug|iPhoneSimulator.Deploy.0 = Debug|Any CPU
		{770B6FCB-B313-41BC-9CC2-426AC036F9C3}.Release|Any CPU.ActiveCfg = Release|Any CPU
		{770B6FCB-B313-41BC-9CC2-426AC036F9C3}.Release|Any CPU.Build.0 = Release|Any CPU
		{770B6FCB-B313-41BC-9CC2-426AC036F9C3}.Release|Any CPU.Deploy.0 = Release|Any CPU
		{770B6FCB-B313-41BC-9CC2-426AC036F9C3}.Release|iPhone.ActiveCfg = Release|Any CPU
		{770B6FCB-B313-41BC-9CC2-426AC036F9C3}.Release|iPhone.Build.0 = Release|Any CPU
		{770B6FCB-B313-41BC-9CC2-426AC036F9C3}.Release|iPhone.Deploy.0 = Release|Any CPU
		{770B6FCB-B313-41BC-9CC2-426AC036F9C3}.Release|iPhoneSimulator.ActiveCfg = Release|Any CPU
		{770B6FCB-B313-41BC-9CC2-426AC036F9C3}.Release|iPhoneSimulator.Build.0 = Release|Any CPU
		{770B6FCB-B313-41BC-9CC2-426AC036F9C3}.Release|iPhoneSimulator.Deploy.0 = Release|Any CPU
		{BCE117DC-7F9B-4085-AE43-19B3385CB2AA}.Debug|Any CPU.ActiveCfg = Debug|Any CPU
		{BCE117DC-7F9B-4085-AE43-19B3385CB2AA}.Debug|Any CPU.Build.0 = Debug|Any CPU
		{BCE117DC-7F9B-4085-AE43-19B3385CB2AA}.Debug|Any CPU.Deploy.0 = Debug|Any CPU
		{BCE117DC-7F9B-4085-AE43-19B3385CB2AA}.Debug|iPhone.ActiveCfg = Debug|Any CPU
		{BCE117DC-7F9B-4085-AE43-19B3385CB2AA}.Debug|iPhone.Build.0 = Debug|Any CPU
		{BCE117DC-7F9B-4085-AE43-19B3385CB2AA}.Debug|iPhone.Deploy.0 = Debug|Any CPU
		{BCE117DC-7F9B-4085-AE43-19B3385CB2AA}.Debug|iPhoneSimulator.ActiveCfg = Debug|Any CPU
		{BCE117DC-7F9B-4085-AE43-19B3385CB2AA}.Debug|iPhoneSimulator.Build.0 = Debug|Any CPU
		{BCE117DC-7F9B-4085-AE43-19B3385CB2AA}.Debug|iPhoneSimulator.Deploy.0 = Debug|Any CPU
		{BCE117DC-7F9B-4085-AE43-19B3385CB2AA}.Release|Any CPU.ActiveCfg = Release|Any CPU
		{BCE117DC-7F9B-4085-AE43-19B3385CB2AA}.Release|Any CPU.Build.0 = Release|Any CPU
		{BCE117DC-7F9B-4085-AE43-19B3385CB2AA}.Release|Any CPU.Deploy.0 = Release|Any CPU
		{BCE117DC-7F9B-4085-AE43-19B3385CB2AA}.Release|iPhone.ActiveCfg = Release|Any CPU
		{BCE117DC-7F9B-4085-AE43-19B3385CB2AA}.Release|iPhone.Build.0 = Release|Any CPU
		{BCE117DC-7F9B-4085-AE43-19B3385CB2AA}.Release|iPhone.Deploy.0 = Release|Any CPU
		{BCE117DC-7F9B-4085-AE43-19B3385CB2AA}.Release|iPhoneSimulator.ActiveCfg = Release|Any CPU
		{BCE117DC-7F9B-4085-AE43-19B3385CB2AA}.Release|iPhoneSimulator.Build.0 = Release|Any CPU
		{BCE117DC-7F9B-4085-AE43-19B3385CB2AA}.Release|iPhoneSimulator.Deploy.0 = Release|Any CPU
		{C1103E36-8177-4F58-87AD-CD852E1D1C0B}.Debug|Any CPU.ActiveCfg = Debug|Any CPU
		{C1103E36-8177-4F58-87AD-CD852E1D1C0B}.Debug|Any CPU.Build.0 = Debug|Any CPU
		{C1103E36-8177-4F58-87AD-CD852E1D1C0B}.Debug|Any CPU.Deploy.0 = Debug|Any CPU
		{C1103E36-8177-4F58-87AD-CD852E1D1C0B}.Debug|iPhone.ActiveCfg = Debug|Any CPU
		{C1103E36-8177-4F58-87AD-CD852E1D1C0B}.Debug|iPhone.Build.0 = Debug|Any CPU
		{C1103E36-8177-4F58-87AD-CD852E1D1C0B}.Debug|iPhone.Deploy.0 = Debug|Any CPU
		{C1103E36-8177-4F58-87AD-CD852E1D1C0B}.Debug|iPhoneSimulator.ActiveCfg = Debug|Any CPU
		{C1103E36-8177-4F58-87AD-CD852E1D1C0B}.Debug|iPhoneSimulator.Build.0 = Debug|Any CPU
		{C1103E36-8177-4F58-87AD-CD852E1D1C0B}.Debug|iPhoneSimulator.Deploy.0 = Debug|Any CPU
		{C1103E36-8177-4F58-87AD-CD852E1D1C0B}.Release|Any CPU.ActiveCfg = Release|Any CPU
		{C1103E36-8177-4F58-87AD-CD852E1D1C0B}.Release|Any CPU.Build.0 = Release|Any CPU
		{C1103E36-8177-4F58-87AD-CD852E1D1C0B}.Release|Any CPU.Deploy.0 = Release|Any CPU
		{C1103E36-8177-4F58-87AD-CD852E1D1C0B}.Release|iPhone.ActiveCfg = Release|Any CPU
		{C1103E36-8177-4F58-87AD-CD852E1D1C0B}.Release|iPhone.Build.0 = Release|Any CPU
		{C1103E36-8177-4F58-87AD-CD852E1D1C0B}.Release|iPhone.Deploy.0 = Release|Any CPU
		{C1103E36-8177-4F58-87AD-CD852E1D1C0B}.Release|iPhoneSimulator.ActiveCfg = Release|Any CPU
		{C1103E36-8177-4F58-87AD-CD852E1D1C0B}.Release|iPhoneSimulator.Build.0 = Release|Any CPU
		{C1103E36-8177-4F58-87AD-CD852E1D1C0B}.Release|iPhoneSimulator.Deploy.0 = Release|Any CPU
		{82C14734-326A-4B33-B2D2-213CE74B80A1}.Debug|Any CPU.ActiveCfg = Debug|iPhone
		{82C14734-326A-4B33-B2D2-213CE74B80A1}.Debug|iPhone.ActiveCfg = Debug|iPhone
		{82C14734-326A-4B33-B2D2-213CE74B80A1}.Debug|iPhone.Build.0 = Debug|iPhone
		{82C14734-326A-4B33-B2D2-213CE74B80A1}.Debug|iPhoneSimulator.ActiveCfg = Debug|iPhoneSimulator
		{82C14734-326A-4B33-B2D2-213CE74B80A1}.Debug|iPhoneSimulator.Build.0 = Debug|iPhoneSimulator
		{82C14734-326A-4B33-B2D2-213CE74B80A1}.Release|Any CPU.ActiveCfg = Release|iPhone
		{82C14734-326A-4B33-B2D2-213CE74B80A1}.Release|iPhone.ActiveCfg = Release|iPhone
		{82C14734-326A-4B33-B2D2-213CE74B80A1}.Release|iPhone.Build.0 = Release|iPhone
		{82C14734-326A-4B33-B2D2-213CE74B80A1}.Release|iPhoneSimulator.ActiveCfg = Release|iPhoneSimulator
		{82C14734-326A-4B33-B2D2-213CE74B80A1}.Release|iPhoneSimulator.Build.0 = Release|iPhoneSimulator
		{BA33545C-E06F-4B7C-9A67-1CEBC3B4C7F9}.Debug|Any CPU.ActiveCfg = Debug|iPhoneSimulator
		{BA33545C-E06F-4B7C-9A67-1CEBC3B4C7F9}.Debug|Any CPU.Build.0 = Debug|iPhoneSimulator
		{BA33545C-E06F-4B7C-9A67-1CEBC3B4C7F9}.Debug|iPhone.ActiveCfg = Debug|iPhone
		{BA33545C-E06F-4B7C-9A67-1CEBC3B4C7F9}.Debug|iPhone.Build.0 = Debug|iPhone
		{BA33545C-E06F-4B7C-9A67-1CEBC3B4C7F9}.Debug|iPhoneSimulator.ActiveCfg = Debug|iPhoneSimulator
		{BA33545C-E06F-4B7C-9A67-1CEBC3B4C7F9}.Debug|iPhoneSimulator.Build.0 = Debug|iPhoneSimulator
		{BA33545C-E06F-4B7C-9A67-1CEBC3B4C7F9}.Release|Any CPU.ActiveCfg = Release|iPhone
		{BA33545C-E06F-4B7C-9A67-1CEBC3B4C7F9}.Release|Any CPU.Build.0 = Release|iPhone
		{BA33545C-E06F-4B7C-9A67-1CEBC3B4C7F9}.Release|iPhone.ActiveCfg = Release|iPhone
		{BA33545C-E06F-4B7C-9A67-1CEBC3B4C7F9}.Release|iPhone.Build.0 = Release|iPhone
		{BA33545C-E06F-4B7C-9A67-1CEBC3B4C7F9}.Release|iPhoneSimulator.ActiveCfg = Release|iPhoneSimulator
		{BA33545C-E06F-4B7C-9A67-1CEBC3B4C7F9}.Release|iPhoneSimulator.Build.0 = Release|iPhoneSimulator
		{9D3ACC75-7FEA-461D-91C2-537122616018}.Debug|Any CPU.ActiveCfg = Debug|iPhone
		{9D3ACC75-7FEA-461D-91C2-537122616018}.Debug|iPhone.ActiveCfg = Debug|iPhone
		{9D3ACC75-7FEA-461D-91C2-537122616018}.Debug|iPhone.Build.0 = Debug|iPhone
		{9D3ACC75-7FEA-461D-91C2-537122616018}.Debug|iPhoneSimulator.ActiveCfg = Debug|iPhoneSimulator
		{9D3ACC75-7FEA-461D-91C2-537122616018}.Debug|iPhoneSimulator.Build.0 = Debug|iPhoneSimulator
		{9D3ACC75-7FEA-461D-91C2-537122616018}.Release|Any CPU.ActiveCfg = Release|iPhone
		{9D3ACC75-7FEA-461D-91C2-537122616018}.Release|iPhone.ActiveCfg = Release|iPhone
		{9D3ACC75-7FEA-461D-91C2-537122616018}.Release|iPhone.Build.0 = Release|iPhone
		{9D3ACC75-7FEA-461D-91C2-537122616018}.Release|iPhoneSimulator.ActiveCfg = Release|iPhoneSimulator
		{9D3ACC75-7FEA-461D-91C2-537122616018}.Release|iPhoneSimulator.Build.0 = Release|iPhoneSimulator
	EndGlobalSection
	GlobalSection(SolutionProperties) = preSolution
		HideSolutionNode = FALSE
	EndGlobalSection
	GlobalSection(NestedProjects) = preSolution
		{BA78D8CE-D153-42BE-BB68-1F7E95B3958F} = {94BEE167-5AD7-477C-BC39-BFDFDE9256C8}
		{3D9117CC-FA6D-41F7-A183-0B7C3DC9DECE} = {F9352B24-73C4-47EF-BAE9-40833D64359D}
		{A52C2605-B5B7-48CB-BDCF-2A488D05A0A3} = {F9352B24-73C4-47EF-BAE9-40833D64359D}
		{1AD61556-6B4B-4FF0-8520-333B83588CCB} = {3D9117CC-FA6D-41F7-A183-0B7C3DC9DECE}
		{C7660538-6F24-4046-901D-A581181C1B34} = {3D9117CC-FA6D-41F7-A183-0B7C3DC9DECE}
		{4981FEDB-AB22-49E6-8D22-019E279A6E4A} = {3D9117CC-FA6D-41F7-A183-0B7C3DC9DECE}
		{032603C3-70C9-4739-B2D3-C9C0ABAE0DDC} = {A52C2605-B5B7-48CB-BDCF-2A488D05A0A3}
		{008AD78A-C589-4F45-965C-2FDE1FB77AD5} = {3BC806F4-F2BA-40F5-8010-FA26DB6FC255}
		{2DF985B7-E2BE-4305-8D11-C0C18D05264B} = {3BC806F4-F2BA-40F5-8010-FA26DB6FC255}
		{ACB1F416-094C-44B7-9922-1488505A96C6} = {3BC806F4-F2BA-40F5-8010-FA26DB6FC255}
		{20A00977-EDB3-452D-A8BA-2CC7A6BA6152} = {3BC806F4-F2BA-40F5-8010-FA26DB6FC255}
		{FD22F466-A5FD-40CF-9868-E500D0A8C258} = {2DF985B7-E2BE-4305-8D11-C0C18D05264B}
		{D737A95C-E2FC-4D5B-8D8F-37AF7597A06C} = {20A00977-EDB3-452D-A8BA-2CC7A6BA6152}
		{E1C572C4-33F2-4170-8B5C-8C48E691D04C} = {20A00977-EDB3-452D-A8BA-2CC7A6BA6152}
		{34032EAB-C9CD-4224-BCCF-0E21A3CC8E95} = {20A00977-EDB3-452D-A8BA-2CC7A6BA6152}
		{770B6FCB-B313-41BC-9CC2-426AC036F9C3} = {008AD78A-C589-4F45-965C-2FDE1FB77AD5}
		{BCE117DC-7F9B-4085-AE43-19B3385CB2AA} = {ACB1F416-094C-44B7-9922-1488505A96C6}
		{A5F486A5-C022-46D9-855C-A9DB7E376695} = {F9352B24-73C4-47EF-BAE9-40833D64359D}
		{C1103E36-8177-4F58-87AD-CD852E1D1C0B} = {A5F486A5-C022-46D9-855C-A9DB7E376695}
		{82C14734-326A-4B33-B2D2-213CE74B80A1} = {008AD78A-C589-4F45-965C-2FDE1FB77AD5}
		{BA33545C-E06F-4B7C-9A67-1CEBC3B4C7F9} = {A52C2605-B5B7-48CB-BDCF-2A488D05A0A3}
		{9D3ACC75-7FEA-461D-91C2-537122616018} = {A5F486A5-C022-46D9-855C-A9DB7E376695}
	EndGlobalSection
	GlobalSection(ExtensibilityGlobals) = postSolution
		SolutionGuid = {36ED90DE-4C1A-4A44-97BB-C0747F2A8472}
	EndGlobalSection
EndGlobal
